
Microsoft Visual Studio Solution File, Format Version 12.00
# Visual Studio Version 17
VisualStudioVersion = 17.6.33815.320
MinimumVisualStudioVersion = 10.0.40219.1
Project("{FAE04EC0-301F-11D3-BF4B-00C04F79EFBC}") = "Task Managemenet", "Task Managemenet.csproj", "{605141F3-A1D8-406A-90B5-5427D17406C1}"
EndProject
Global
	GlobalSection(SolutionConfigurationPlatforms) = preSolution
		Debug|Any CPU = Debug|Any CPU
		Release|Any CPU = Release|Any CPU
	EndGlobalSection
	GlobalSection(ProjectConfigurationPlatforms) = postSolution
		{605141F3-A1D8-406A-90B5-5427D17406C1}.Debug|Any CPU.ActiveCfg = Debug|Any CPU
		{605141F3-A1D8-406A-90B5-5427D17406C1}.Debug|Any CPU.Build.0 = Debug|Any CPU
		{605141F3-A1D8-406A-90B5-5427D17406C1}.Release|Any CPU.ActiveCfg = Release|Any CPU
		{605141F3-A1D8-406A-90B5-5427D17406C1}.Release|Any CPU.Build.0 = Release|Any CPU
	EndGlobalSection
	GlobalSection(SolutionProperties) = preSolution
		HideSolutionNode = FALSE
	EndGlobalSection
	GlobalSection(ExtensibilityGlobals) = postSolution
		SolutionGuid = {151364C6-F1BE-403D-88C6-4BD8DC4A2102}
	EndGlobalSection
EndGlobal
